
Microsoft Visual Studio Solution File, Format Version 12.00
# Visual Studio Version 17
VisualStudioVersion = 17.4.33213.308
MinimumVisualStudioVersion = 10.0.40219.1
Project("{9A19103F-16F7-4668-BE54-9A1E7A4F7556}") = "DemoApplication", "DemoApplication\DemoApplication.csproj", "{368AE057-8F97-4BAD-ACB4-582DCC8B4270}"
EndProject
Project("{9A19103F-16F7-4668-BE54-9A1E7A4F7556}") = "TestApplication", "TestApplication\TestApplication.csproj", "{741D9E0C-858B-49CE-A4CA-3CCABA08E1BF}"
EndProject
Project("{9A19103F-16F7-4668-BE54-9A1E7A4F7556}") = "CRUD_MVC", "CRUD_MVC\CRUD_MVC.csproj", "{E67A3FD2-2B21-4BF1-9739-5FD862DD90BF}"
EndProject
Project("{9A19103F-16F7-4668-BE54-9A1E7A4F7556}") = "CRUDMVC", "CRUDMVC\CRUDMVC.csproj", "{62CBB507-2C0C-4918-84C5-7D8EB3E96DED}"
EndProject
Project("{9A19103F-16F7-4668-BE54-9A1E7A4F7556}") = "WebAPI", "WebAPI\WebAPI.csproj", "{723924BA-2F48-40BB-BD0B-BDC4DC4BC1AE}"
EndProject
Project("{FAE04EC0-301F-11D3-BF4B-00C04F79EFBC}") = "UserManagement.API", "UserManagement.API\UserManagement.API.csproj", "{E761F52C-36B6-48BF-8860-B97CDBDDBEE6}"
EndProject
Global
	GlobalSection(SolutionConfigurationPlatforms) = preSolution
		Debug|Any CPU = Debug|Any CPU
		Release|Any CPU = Release|Any CPU
	EndGlobalSection
	GlobalSection(ProjectConfigurationPlatforms) = postSolution
		{368AE057-8F97-4BAD-ACB4-582DCC8B4270}.Debug|Any CPU.ActiveCfg = Debug|Any CPU
		{368AE057-8F97-4BAD-ACB4-582DCC8B4270}.Debug|Any CPU.Build.0 = Debug|Any CPU
		{368AE057-8F97-4BAD-ACB4-582DCC8B4270}.Release|Any CPU.ActiveCfg = Release|Any CPU
		{368AE057-8F97-4BAD-ACB4-582DCC8B4270}.Release|Any CPU.Build.0 = Release|Any CPU
		{741D9E0C-858B-49CE-A4CA-3CCABA08E1BF}.Debug|Any CPU.ActiveCfg = Debug|Any CPU
		{741D9E0C-858B-49CE-A4CA-3CCABA08E1BF}.Debug|Any CPU.Build.0 = Debug|Any CPU
		{741D9E0C-858B-49CE-A4CA-3CCABA08E1BF}.Release|Any CPU.ActiveCfg = Release|Any CPU
		{741D9E0C-858B-49CE-A4CA-3CCABA08E1BF}.Release|Any CPU.Build.0 = Release|Any CPU
		{E67A3FD2-2B21-4BF1-9739-5FD862DD90BF}.Debug|Any CPU.ActiveCfg = Debug|Any CPU
		{E67A3FD2-2B21-4BF1-9739-5FD862DD90BF}.Debug|Any CPU.Build.0 = Debug|Any CPU
		{E67A3FD2-2B21-4BF1-9739-5FD862DD90BF}.Release|Any CPU.ActiveCfg = Release|Any CPU
		{E67A3FD2-2B21-4BF1-9739-5FD862DD90BF}.Release|Any CPU.Build.0 = Release|Any CPU
		{62CBB507-2C0C-4918-84C5-7D8EB3E96DED}.Debug|Any CPU.ActiveCfg = Debug|Any CPU
		{62CBB507-2C0C-4918-84C5-7D8EB3E96DED}.Debug|Any CPU.Build.0 = Debug|Any CPU
		{62CBB507-2C0C-4918-84C5-7D8EB3E96DED}.Release|Any CPU.ActiveCfg = Release|Any CPU
		{62CBB507-2C0C-4918-84C5-7D8EB3E96DED}.Release|Any CPU.Build.0 = Release|Any CPU
		{723924BA-2F48-40BB-BD0B-BDC4DC4BC1AE}.Debug|Any CPU.ActiveCfg = Debug|Any CPU
		{723924BA-2F48-40BB-BD0B-BDC4DC4BC1AE}.Debug|Any CPU.Build.0 = Debug|Any CPU
		{723924BA-2F48-40BB-BD0B-BDC4DC4BC1AE}.Release|Any CPU.ActiveCfg = Release|Any CPU
		{723924BA-2F48-40BB-BD0B-BDC4DC4BC1AE}.Release|Any CPU.Build.0 = Release|Any CPU
		{E761F52C-36B6-48BF-8860-B97CDBDDBEE6}.Debug|Any CPU.ActiveCfg = Debug|Any CPU
		{E761F52C-36B6-48BF-8860-B97CDBDDBEE6}.Debug|Any CPU.Build.0 = Debug|Any CPU
		{E761F52C-36B6-48BF-8860-B97CDBDDBEE6}.Release|Any CPU.ActiveCfg = Release|Any CPU
		{E761F52C-36B6-48BF-8860-B97CDBDDBEE6}.Release|Any CPU.Build.0 = Release|Any CPU
	EndGlobalSection
	GlobalSection(SolutionProperties) = preSolution
		HideSolutionNode = FALSE
	EndGlobalSection
	GlobalSection(ExtensibilityGlobals) = postSolution
		SolutionGuid = {D5C9CA80-4C2A-49A6-BB93-493F434ED36C}
	EndGlobalSection
EndGlobal
